
Microsoft Visual Studio Solution File, Format Version 12.00
# Visual Studio Version 16
VisualStudioVersion = 16.0.28803.156
MinimumVisualStudioVersion = 10.0.40219.1
Project("{9A19103F-16F7-4668-BE54-9A1E7A4F7556}") = "CleanArchitecture.WebUI", "CleanArchitecture.WebUI\CleanArchitecture.WebUI.csproj", "{DCA66823-D989-4CBD-9E43-DE835C25C065}"
EndProject
Project("{9A19103F-16F7-4668-BE54-9A1E7A4F7556}") = "CleanArchitecture.Application", "CleanArchitecture.Application\CleanArchitecture.Application.csproj", "{788F2EB1-D451-4EC5-9E37-03E1AB708964}"
EndProject
Project("{FAE04EC0-301F-11D3-BF4B-00C04F79EFBC}") = "CleanArchitecture.Domain", "CleanArchitecture.Domain\CleanArchitecture.Domain.csproj", "{0067513A-C6D2-4AD9-BE7E-7A0A4C6C878C}"
EndProject
Project("{FAE04EC0-301F-11D3-BF4B-00C04F79EFBC}") = "CleanArchitecture.Persistance", "CleanArchitecture.Persistance\CleanArchitecture.Persistance.csproj", "{523CA627-04B8-49C6-AB19-295020556172}"
EndProject
Global
	GlobalSection(SolutionConfigurationPlatforms) = preSolution
		Debug|Any CPU = Debug|Any CPU
		Release|Any CPU = Release|Any CPU
	EndGlobalSection
	GlobalSection(ProjectConfigurationPlatforms) = postSolution
		{DCA66823-D989-4CBD-9E43-DE835C25C065}.Debug|Any CPU.ActiveCfg = Debug|Any CPU
		{DCA66823-D989-4CBD-9E43-DE835C25C065}.Debug|Any CPU.Build.0 = Debug|Any CPU
		{DCA66823-D989-4CBD-9E43-DE835C25C065}.Release|Any CPU.ActiveCfg = Release|Any CPU
		{DCA66823-D989-4CBD-9E43-DE835C25C065}.Release|Any CPU.Build.0 = Release|Any CPU
		{788F2EB1-D451-4EC5-9E37-03E1AB708964}.Debug|Any CPU.ActiveCfg = Debug|Any CPU
		{788F2EB1-D451-4EC5-9E37-03E1AB708964}.Debug|Any CPU.Build.0 = Debug|Any CPU
		{788F2EB1-D451-4EC5-9E37-03E1AB708964}.Release|Any CPU.ActiveCfg = Release|Any CPU
		{788F2EB1-D451-4EC5-9E37-03E1AB708964}.Release|Any CPU.Build.0 = Release|Any CPU
		{0067513A-C6D2-4AD9-BE7E-7A0A4C6C878C}.Debug|Any CPU.ActiveCfg = Debug|Any CPU
		{0067513A-C6D2-4AD9-BE7E-7A0A4C6C878C}.Debug|Any CPU.Build.0 = Debug|Any CPU
		{0067513A-C6D2-4AD9-BE7E-7A0A4C6C878C}.Release|Any CPU.ActiveCfg = Release|Any CPU
		{0067513A-C6D2-4AD9-BE7E-7A0A4C6C878C}.Release|Any CPU.Build.0 = Release|Any CPU
		{523CA627-04B8-49C6-AB19-295020556172}.Debug|Any CPU.ActiveCfg = Debug|Any CPU
		{523CA627-04B8-49C6-AB19-295020556172}.Debug|Any CPU.Build.0 = Debug|Any CPU
		{523CA627-04B8-49C6-AB19-295020556172}.Release|Any CPU.ActiveCfg = Release|Any CPU
		{523CA627-04B8-49C6-AB19-295020556172}.Release|Any CPU.Build.0 = Release|Any CPU
	EndGlobalSection
	GlobalSection(SolutionProperties) = preSolution
		HideSolutionNode = FALSE
	EndGlobalSection
	GlobalSection(ExtensibilityGlobals) = postSolution
		SolutionGuid = {13584947-2042-4896-942B-457B5889686A}
	EndGlobalSection
EndGlobal
